
Microsoft Visual Studio Solution File, Format Version 12.00
# Visual Studio Version 17
VisualStudioVersion = 17.14.36414.22 d17.14
MinimumVisualStudioVersion = 10.0.40219.1
Project("{FAE04EC0-301F-11D3-BF4B-00C04F79EFBC}") = "ProjektZespolowy", "ProjektZespolowy\ProjektZespolowy.csproj", "{CFA1ABCE-57EC-41D2-ADE5-A2824AA05CD8}"
EndProject
Global
	GlobalSection(SolutionConfigurationPlatforms) = preSolution
		Debug|Any CPU = Debug|Any CPU
		Release|Any CPU = Release|Any CPU
	EndGlobalSection
	GlobalSection(ProjectConfigurationPlatforms) = postSolution
		{CFA1ABCE-57EC-41D2-ADE5-A2824AA05CD8}.Debug|Any CPU.ActiveCfg = Debug|Any CPU
		{CFA1ABCE-57EC-41D2-ADE5-A2824AA05CD8}.Debug|Any CPU.Build.0 = Debug|Any CPU
		{CFA1ABCE-57EC-41D2-ADE5-A2824AA05CD8}.Release|Any CPU.ActiveCfg = Release|Any CPU
		{CFA1ABCE-57EC-41D2-ADE5-A2824AA05CD8}.Release|Any CPU.Build.0 = Release|Any CPU
	EndGlobalSection
	GlobalSection(SolutionProperties) = preSolution
		HideSolutionNode = FALSE
	EndGlobalSection
	GlobalSection(ExtensibilityGlobals) = postSolution
		SolutionGuid = {D5A7A4C3-E645-47E6-BCEF-95CD0D9584B7}
	EndGlobalSection
EndGlobal
